// !$*UTF8*$!
{
	archiveVersion = 1;
	classes = {
	};
	objectVersion = 46;
	objects = {

/* Begin PBXBuildFile section */
		B6074D7F1EE389810082DD8A /* AppDelegate.swift in Sources */ = {isa = PBXBuildFile; fileRef = B6074D7E1EE389810082DD8A /* AppDelegate.swift */; };
		B6074D841EE389810082DD8A /* Main.storyboard in Resources */ = {isa = PBXBuildFile; fileRef = B6074D821EE389810082DD8A /* Main.storyboard */; };
		B6074D871EE389810082DD8A /* BoardGameForest.xcdatamodeld in Sources */ = {isa = PBXBuildFile; fileRef = B6074D851EE389810082DD8A /* BoardGameForest.xcdatamodeld */; };
		B6074D891EE389810082DD8A /* Assets.xcassets in Resources */ = {isa = PBXBuildFile; fileRef = B6074D881EE389810082DD8A /* Assets.xcassets */; };
		B6074D8C1EE389810082DD8A /* LaunchScreen.storyboard in Resources */ = {isa = PBXBuildFile; fileRef = B6074D8A1EE389810082DD8A /* LaunchScreen.storyboard */; };
		B6074D941EE38F890082DD8A /* GoogleService-Info.plist in Resources */ = {isa = PBXBuildFile; fileRef = B6074D931EE38F890082DD8A /* GoogleService-Info.plist */; };
		B617D0A91EE458360047F52A /* MenuParser.swift in Sources */ = {isa = PBXBuildFile; fileRef = B617D0A81EE458360047F52A /* MenuParser.swift */; };
		B617D0AB1EE458800047F52A /* Menu.plist in Resources */ = {isa = PBXBuildFile; fileRef = B617D0AA1EE458800047F52A /* Menu.plist */; };
		B617D0AD1EE459630047F52A /* menuImage.jpg in Resources */ = {isa = PBXBuildFile; fileRef = B617D0AC1EE459630047F52A /* menuImage.jpg */; };
		B617D0B11EE4C0AA0047F52A /* DatabaseAPI.swift in Sources */ = {isa = PBXBuildFile; fileRef = B617D0B01EE4C0AA0047F52A /* DatabaseAPI.swift */; };
		B63F4CAF1EF6D4BB00758F5F /* OrderTableNumbeSectionView.swift in Sources */ = {isa = PBXBuildFile; fileRef = B63F4CAE1EF6D4BB00758F5F /* OrderTableNumbeSectionView.swift */; };
		B63F4CB11EF6D4BB00758F5F /* TimeFormate.swift in Sources */ = {isa = PBXBuildFile; fileRef = B63F4CB01EF6D4BB00758F5F /* TimeFormate.swift */; };
		B658E3271F595DA2008CECD2 /* OrderMenuTableViewCell.swift in Sources */ = {isa = PBXBuildFile; fileRef = B658E3251F595DA2008CECD2 /* OrderMenuTableViewCell.swift */; };
		B658E3281F595DA2008CECD2 /* OrderMenuTableViewCell.xib in Resources */ = {isa = PBXBuildFile; fileRef = B658E3261F595DA2008CECD2 /* OrderMenuTableViewCell.xib */; };
		B659C9C41EE6884E008A425E /* TabBarController.swift in Sources */ = {isa = PBXBuildFile; fileRef = B659C9C31EE6884E008A425E /* TabBarController.swift */; };
		B66D5B921EF59F2A0086707A /* OrderMenuViewController.swift in Sources */ = {isa = PBXBuildFile; fileRef = B66D5B8D1EF59F2A0086707A /* OrderMenuViewController.swift */; };
		B66D5B951EF59F2A0086707A /* SettingController.swift in Sources */ = {isa = PBXBuildFile; fileRef = B66D5B901EF59F2A0086707A /* SettingController.swift */; };
		B66D5B9D1EF5B3930086707A /* OrderTableNumberCollectionViewCell.swift in Sources */ = {isa = PBXBuildFile; fileRef = B66D5B9B1EF5B3930086707A /* OrderTableNumberCollectionViewCell.swift */; };
		B66D5B9E1EF5B3930086707A /* OrderTableNumberController.swift in Sources */ = {isa = PBXBuildFile; fileRef = B66D5B9C1EF5B3930086707A /* OrderTableNumberController.swift */; };
		B66D5BA81EF5D7980086707A /* Table.swift in Sources */ = {isa = PBXBuildFile; fileRef = B66D5BA71EF5D7980086707A /* Table.swift */; };
		B66D5BAA1EF5D9110086707A /* Floor.swift in Sources */ = {isa = PBXBuildFile; fileRef = B66D5BA91EF5D9110086707A /* Floor.swift */; };
		B66D5BAC1EF5DB020086707A /* FloorTables.plist in Resources */ = {isa = PBXBuildFile; fileRef = B66D5BAB1EF5DB020086707A /* FloorTables.plist */; };
		B66D5BAE1EF5DF100086707A /* TablesData.swift in Sources */ = {isa = PBXBuildFile; fileRef = B66D5BAD1EF5DF100086707A /* TablesData.swift */; };
		B6D02F071F58119E0097AAE4 /* DefineText.swift in Sources */ = {isa = PBXBuildFile; fileRef = B6D02F061F58119E0097AAE4 /* DefineText.swift */; };
		B6DD2C9E1F56A79A00EFA322 /* Order.swift in Sources */ = {isa = PBXBuildFile; fileRef = B6DD2C9D1F56A79A00EFA322 /* Order.swift */; };
		B6DD2CA21F56A8BE00EFA322 /* MealStatus.swift in Sources */ = {isa = PBXBuildFile; fileRef = B6DD2CA11F56A8BE00EFA322 /* MealStatus.swift */; };
		B6E0DC371F592A4B00944F96 /* OrderList.swift in Sources */ = {isa = PBXBuildFile; fileRef = B6E0DC361F592A4B00944F96 /* OrderList.swift */; };
		B6E0DC391F59301B00944F96 /* OrderHistoryController.swift in Sources */ = {isa = PBXBuildFile; fileRef = B6E0DC381F59301B00944F96 /* OrderHistoryController.swift */; };
		B6EB17FE1FC7FAF10055E167 /* MealList.swift in Sources */ = {isa = PBXBuildFile; fileRef = B6EB17FD1FC7FAF10055E167 /* MealList.swift */; };
		CC6692F906C4252BCC876511 /* Pods_BoardGameForest.framework in Frameworks */ = {isa = PBXBuildFile; fileRef = BF62B76687E12393CBF4D1AB /* Pods_BoardGameForest.framework */; };
/* End PBXBuildFile section */

/* Begin PBXFileReference section */
		88C1CAD3CA5D5CA70480CA96 /* Pods-BoardGameForest.release.xcconfig */ = {isa = PBXFileReference; includeInIndex = 1; lastKnownFileType = text.xcconfig; name = "Pods-BoardGameForest.release.xcconfig"; path = "Pods/Target Support Files/Pods-BoardGameForest/Pods-BoardGameForest.release.xcconfig"; sourceTree = "<group>"; };
		A0607A1A76666B8E1527578E /* Pods-BoardGameForest.debug.xcconfig */ = {isa = PBXFileReference; includeInIndex = 1; lastKnownFileType = text.xcconfig; name = "Pods-BoardGameForest.debug.xcconfig"; path = "Pods/Target Support Files/Pods-BoardGameForest/Pods-BoardGameForest.debug.xcconfig"; sourceTree = "<group>"; };
		B6074D7B1EE389810082DD8A /* BoardGameForest.app */ = {isa = PBXFileReference; explicitFileType = wrapper.application; includeInIndex = 0; path = BoardGameForest.app; sourceTree = BUILT_PRODUCTS_DIR; };
		B6074D7E1EE389810082DD8A /* AppDelegate.swift */ = {isa = PBXFileReference; lastKnownFileType = sourcecode.swift; path = AppDelegate.swift; sourceTree = "<group>"; };
		B6074D831EE389810082DD8A /* Base */ = {isa = PBXFileReference; lastKnownFileType = file.storyboard; name = Base; path = Base.lproj/Main.storyboard; sourceTree = "<group>"; };
		B6074D861EE389810082DD8A /* BoardGameForest.xcdatamodel */ = {isa = PBXFileReference; lastKnownFileType = wrapper.xcdatamodel; path = BoardGameForest.xcdatamodel; sourceTree = "<group>"; };
		B6074D881EE389810082DD8A /* Assets.xcassets */ = {isa = PBXFileReference; lastKnownFileType = folder.assetcatalog; path = Assets.xcassets; sourceTree = "<group>"; };
		B6074D8B1EE389810082DD8A /* Base */ = {isa = PBXFileReference; lastKnownFileType = file.storyboard; name = Base; path = Base.lproj/LaunchScreen.storyboard; sourceTree = "<group>"; };
		B6074D8D1EE389810082DD8A /* Info.plist */ = {isa = PBXFileReference; lastKnownFileType = text.plist.xml; path = Info.plist; sourceTree = "<group>"; };
		B6074D931EE38F890082DD8A /* GoogleService-Info.plist */ = {isa = PBXFileReference; fileEncoding = 4; lastKnownFileType = text.plist.xml; path = "GoogleService-Info.plist"; sourceTree = SOURCE_ROOT; };
		B617D0A81EE458360047F52A /* MenuParser.swift */ = {isa = PBXFileReference; fileEncoding = 4; lastKnownFileType = sourcecode.swift; path = MenuParser.swift; sourceTree = "<group>"; };
		B617D0AA1EE458800047F52A /* Menu.plist */ = {isa = PBXFileReference; fileEncoding = 4; lastKnownFileType = text.plist.xml; path = Menu.plist; sourceTree = "<group>"; };
		B617D0AC1EE459630047F52A /* menuImage.jpg */ = {isa = PBXFileReference; lastKnownFileType = image.jpeg; path = menuImage.jpg; sourceTree = "<group>"; };
		B617D0B01EE4C0AA0047F52A /* DatabaseAPI.swift */ = {isa = PBXFileReference; fileEncoding = 4; lastKnownFileType = sourcecode.swift; path = DatabaseAPI.swift; sourceTree = "<group>"; };
		B63F4CAE1EF6D4BB00758F5F /* OrderTableNumbeSectionView.swift */ = {isa = PBXFileReference; fileEncoding = 4; lastKnownFileType = sourcecode.swift; path = OrderTableNumbeSectionView.swift; sourceTree = "<group>"; };
		B63F4CB01EF6D4BB00758F5F /* TimeFormate.swift */ = {isa = PBXFileReference; fileEncoding = 4; lastKnownFileType = sourcecode.swift; path = TimeFormate.swift; sourceTree = "<group>"; };
		B658E3251F595DA2008CECD2 /* OrderMenuTableViewCell.swift */ = {isa = PBXFileReference; lastKnownFileType = sourcecode.swift; path = OrderMenuTableViewCell.swift; sourceTree = "<group>"; };
		B658E3261F595DA2008CECD2 /* OrderMenuTableViewCell.xib */ = {isa = PBXFileReference; lastKnownFileType = file.xib; path = OrderMenuTableViewCell.xib; sourceTree = "<group>"; };
		B659C9C31EE6884E008A425E /* TabBarController.swift */ = {isa = PBXFileReference; fileEncoding = 4; lastKnownFileType = sourcecode.swift; path = TabBarController.swift; sourceTree = "<group>"; };
		B66D5B8D1EF59F2A0086707A /* OrderMenuViewController.swift */ = {isa = PBXFileReference; fileEncoding = 4; lastKnownFileType = sourcecode.swift; path = OrderMenuViewController.swift; sourceTree = "<group>"; };
		B66D5B901EF59F2A0086707A /* SettingController.swift */ = {isa = PBXFileReference; fileEncoding = 4; lastKnownFileType = sourcecode.swift; path = SettingController.swift; sourceTree = "<group>"; };
		B66D5B9B1EF5B3930086707A /* OrderTableNumberCollectionViewCell.swift */ = {isa = PBXFileReference; fileEncoding = 4; lastKnownFileType = sourcecode.swift; path = OrderTableNumberCollectionViewCell.swift; sourceTree = "<group>"; };
		B66D5B9C1EF5B3930086707A /* OrderTableNumberController.swift */ = {isa = PBXFileReference; fileEncoding = 4; lastKnownFileType = sourcecode.swift; path = OrderTableNumberController.swift; sourceTree = "<group>"; };
		B66D5BA71EF5D7980086707A /* Table.swift */ = {isa = PBXFileReference; fileEncoding = 4; lastKnownFileType = sourcecode.swift; path = Table.swift; sourceTree = "<group>"; };
		B66D5BA91EF5D9110086707A /* Floor.swift */ = {isa = PBXFileReference; fileEncoding = 4; lastKnownFileType = sourcecode.swift; path = Floor.swift; sourceTree = "<group>"; };
		B66D5BAB1EF5DB020086707A /* FloorTables.plist */ = {isa = PBXFileReference; fileEncoding = 4; lastKnownFileType = text.plist.xml; path = FloorTables.plist; sourceTree = "<group>"; };
		B66D5BAD1EF5DF100086707A /* TablesData.swift */ = {isa = PBXFileReference; fileEncoding = 4; lastKnownFileType = sourcecode.swift; path = TablesData.swift; sourceTree = "<group>"; };
		B6D02F061F58119E0097AAE4 /* DefineText.swift */ = {isa = PBXFileReference; lastKnownFileType = sourcecode.swift; path = DefineText.swift; sourceTree = "<group>"; };
		B6DD2C9D1F56A79A00EFA322 /* Order.swift */ = {isa = PBXFileReference; lastKnownFileType = sourcecode.swift; path = Order.swift; sourceTree = "<group>"; };
		B6DD2CA11F56A8BE00EFA322 /* MealStatus.swift */ = {isa = PBXFileReference; lastKnownFileType = sourcecode.swift; path = MealStatus.swift; sourceTree = "<group>"; };
		B6E0DC361F592A4B00944F96 /* OrderList.swift */ = {isa = PBXFileReference; lastKnownFileType = sourcecode.swift; path = OrderList.swift; sourceTree = "<group>"; };
		B6E0DC381F59301B00944F96 /* OrderHistoryController.swift */ = {isa = PBXFileReference; lastKnownFileType = sourcecode.swift; path = OrderHistoryController.swift; sourceTree = "<group>"; };
		B6EB17FD1FC7FAF10055E167 /* MealList.swift */ = {isa = PBXFileReference; lastKnownFileType = sourcecode.swift; path = MealList.swift; sourceTree = "<group>"; };
		BF62B76687E12393CBF4D1AB /* Pods_BoardGameForest.framework */ = {isa = PBXFileReference; explicitFileType = wrapper.framework; includeInIndex = 0; path = Pods_BoardGameForest.framework; sourceTree = BUILT_PRODUCTS_DIR; };
/* End PBXFileReference section */

/* Begin PBXFrameworksBuildPhase section */
		B6074D781EE389800082DD8A /* Frameworks */ = {
			isa = PBXFrameworksBuildPhase;
			buildActionMask = 2147483647;
			files = (
				CC6692F906C4252BCC876511 /* Pods_BoardGameForest.framework in Frameworks */,
			);
			runOnlyForDeploymentPostprocessing = 0;
		};
/* End PBXFrameworksBuildPhase section */

/* Begin PBXGroup section */
		366F7BFD4912144E2DFB7C9B /* Pods */ = {
			isa = PBXGroup;
			children = (
				A0607A1A76666B8E1527578E /* Pods-BoardGameForest.debug.xcconfig */,
				88C1CAD3CA5D5CA70480CA96 /* Pods-BoardGameForest.release.xcconfig */,
			);
			name = Pods;
			sourceTree = "<group>";
		};
		6D95D9227A9A8D2F6F40C840 /* Frameworks */ = {
			isa = PBXGroup;
			children = (
				BF62B76687E12393CBF4D1AB /* Pods_BoardGameForest.framework */,
			);
			name = Frameworks;
			sourceTree = "<group>";
		};
		B6074D721EE389800082DD8A = {
			isa = PBXGroup;
			children = (
				B6074D7D1EE389810082DD8A /* BoardGameForest */,
				B6074D7C1EE389810082DD8A /* Products */,
				366F7BFD4912144E2DFB7C9B /* Pods */,
				6D95D9227A9A8D2F6F40C840 /* Frameworks */,
			);
			sourceTree = "<group>";
		};
		B6074D7C1EE389810082DD8A /* Products */ = {
			isa = PBXGroup;
			children = (
				B6074D7B1EE389810082DD8A /* BoardGameForest.app */,
			);
			name = Products;
			sourceTree = "<group>";
		};
		B6074D7D1EE389810082DD8A /* BoardGameForest */ = {
			isa = PBXGroup;
			children = (
				B6DD2C951F56A5EB00EFA322 /* Common */,
				B607F5EA1F56A53F00337F79 /* Page */,
				B607F5E91F56A4B300337F79 /* Models */,
				B607F5E61F556F0C00337F79 /* API */,
				B66D5B8B1EF59F2A0086707A /* MainTabController */,
				B6074D7E1EE389810082DD8A /* AppDelegate.swift */,
				B6074D821EE389810082DD8A /* Main.storyboard */,
				B617D0AA1EE458800047F52A /* Menu.plist */,
				B66D5BAB1EF5DB020086707A /* FloorTables.plist */,
				B617D0AC1EE459630047F52A /* menuImage.jpg */,
				B6074D931EE38F890082DD8A /* GoogleService-Info.plist */,
				B6074D8D1EE389810082DD8A /* Info.plist */,
				B6074D851EE389810082DD8A /* BoardGameForest.xcdatamodeld */,
				B6074D881EE389810082DD8A /* Assets.xcassets */,
				B6074D8A1EE389810082DD8A /* LaunchScreen.storyboard */,
			);
			path = BoardGameForest;
			sourceTree = "<group>";
		};
		B607F5E61F556F0C00337F79 /* API */ = {
			isa = PBXGroup;
			children = (
				B617D0B01EE4C0AA0047F52A /* DatabaseAPI.swift */,
			);
			path = API;
			sourceTree = "<group>";
		};
		B607F5E91F56A4B300337F79 /* Models */ = {
			isa = PBXGroup;
			children = (
				B6E0DC361F592A4B00944F96 /* OrderList.swift */,
				B6EB17FD1FC7FAF10055E167 /* MealList.swift */,
				B6DD2C9D1F56A79A00EFA322 /* Order.swift */,
				B6DD2CA11F56A8BE00EFA322 /* MealStatus.swift */,
				B66D5BA71EF5D7980086707A /* Table.swift */,
				B66D5BA91EF5D9110086707A /* Floor.swift */,
				B66D5BAD1EF5DF100086707A /* TablesData.swift */,
			);
			path = Models;
			sourceTree = "<group>";
		};
		B607F5EA1F56A53F00337F79 /* Page */ = {
			isa = PBXGroup;
			children = (
				B6DD2C961F56A60100EFA322 /* Tabbar */,
				B607F5EC1F56A53F00337F79 /* Order */,
				B607F5EB1F56A53F00337F79 /* History */,
				B607F5ED1F56A53F00337F79 /* Setting */,
			);
			path = Page;
			sourceTree = "<group>";
		};
		B607F5EB1F56A53F00337F79 /* History */ = {
			isa = PBXGroup;
			children = (
				B6E0DC381F59301B00944F96 /* OrderHistoryController.swift */,
			);
			path = History;
			sourceTree = "<group>";
		};
		B607F5EC1F56A53F00337F79 /* Order */ = {
			isa = PBXGroup;
			children = (
				B678C0D81F59540F007332CE /* Cell */,
				B66D5B9B1EF5B3930086707A /* OrderTableNumberCollectionViewCell.swift */,
				B63F4CAE1EF6D4BB00758F5F /* OrderTableNumbeSectionView.swift */,
				B66D5B9C1EF5B3930086707A /* OrderTableNumberController.swift */,
				B66D5B8D1EF59F2A0086707A /* OrderMenuViewController.swift */,
			);
			path = Order;
			sourceTree = "<group>";
		};
		B607F5ED1F56A53F00337F79 /* Setting */ = {
			isa = PBXGroup;
			children = (
				B66D5B901EF59F2A0086707A /* SettingController.swift */,
			);
			path = Setting;
			sourceTree = "<group>";
		};
		B66D5B8B1EF59F2A0086707A /* MainTabController */ = {
			isa = PBXGroup;
			children = (
			);
			path = MainTabController;
			sourceTree = "<group>";
		};
		B678C0D81F59540F007332CE /* Cell */ = {
			isa = PBXGroup;
			children = (
				B658E3251F595DA2008CECD2 /* OrderMenuTableViewCell.swift */,
				B658E3261F595DA2008CECD2 /* OrderMenuTableViewCell.xib */,
			);
			path = Cell;
			sourceTree = "<group>";
		};
		B6DD2C951F56A5EB00EFA322 /* Common */ = {
			isa = PBXGroup;
			children = (
				B63F4CB01EF6D4BB00758F5F /* TimeFormate.swift */,
				B617D0A81EE458360047F52A /* MenuParser.swift */,
				B6D02F061F58119E0097AAE4 /* DefineText.swift */,
			);
			path = Common;
			sourceTree = "<group>";
		};
		B6DD2C961F56A60100EFA322 /* Tabbar */ = {
			isa = PBXGroup;
			children = (
				B659C9C31EE6884E008A425E /* TabBarController.swift */,
			);
			path = Tabbar;
			sourceTree = "<group>";
		};
/* End PBXGroup section */

/* Begin PBXNativeTarget section */
		B6074D7A1EE389800082DD8A /* BoardGameForest */ = {
			isa = PBXNativeTarget;
			buildConfigurationList = B6074D901EE389810082DD8A /* Build configuration list for PBXNativeTarget "BoardGameForest" */;
			buildPhases = (
				4658689BFBF3ED3C36FD2DEF /* [CP] Check Pods Manifest.lock */,
				B6074D771EE389800082DD8A /* Sources */,
				B6074D781EE389800082DD8A /* Frameworks */,
				B6074D791EE389800082DD8A /* Resources */,
				7A13C271A793F892A8842C7C /* [CP] Embed Pods Frameworks */,
				7BD8125A2E3A24C6BB61D580 /* [CP] Copy Pods Resources */,
			);
			buildRules = (
			);
			dependencies = (
			);
			name = BoardGameForest;
			productName = BoardGameForest;
			productReference = B6074D7B1EE389810082DD8A /* BoardGameForest.app */;
			productType = "com.apple.product-type.application";
		};
/* End PBXNativeTarget section */

/* Begin PBXProject section */
		B6074D731EE389800082DD8A /* Project object */ = {
			isa = PBXProject;
			attributes = {
				LastSwiftUpdateCheck = 0820;
				LastUpgradeCheck = 0820;
				ORGANIZATIONNAME = Finn;
				TargetAttributes = {
					B6074D7A1EE389800082DD8A = {
						CreatedOnToolsVersion = 8.2.1;
						DevelopmentTeam = L8HLZFC48L;
						ProvisioningStyle = Automatic;
					};
				};
			};
			buildConfigurationList = B6074D761EE389800082DD8A /* Build configuration list for PBXProject "BoardGameForest" */;
			compatibilityVersion = "Xcode 3.2";
			developmentRegion = English;
			hasScannedForEncodings = 0;
			knownRegions = (
				en,
				Base,
			);
			mainGroup = B6074D721EE389800082DD8A;
			productRefGroup = B6074D7C1EE389810082DD8A /* Products */;
			projectDirPath = "";
			projectRoot = "";
			targets = (
				B6074D7A1EE389800082DD8A /* BoardGameForest */,
			);
		};
/* End PBXProject section */

/* Begin PBXResourcesBuildPhase section */
		B6074D791EE389800082DD8A /* Resources */ = {
			isa = PBXResourcesBuildPhase;
			buildActionMask = 2147483647;
			files = (
				B658E3281F595DA2008CECD2 /* OrderMenuTableViewCell.xib in Resources */,
				B66D5BAC1EF5DB020086707A /* FloorTables.plist in Resources */,
				B617D0AD1EE459630047F52A /* menuImage.jpg in Resources */,
				B6074D8C1EE389810082DD8A /* LaunchScreen.storyboard in Resources */,
				B617D0AB1EE458800047F52A /* Menu.plist in Resources */,
				B6074D941EE38F890082DD8A /* GoogleService-Info.plist in Resources */,
				B6074D891EE389810082DD8A /* Assets.xcassets in Resources */,
				B6074D841EE389810082DD8A /* Main.storyboard in Resources */,
			);
			runOnlyForDeploymentPostprocessing = 0;
		};
/* End PBXResourcesBuildPhase section */

/* Begin PBXShellScriptBuildPhase section */
		4658689BFBF3ED3C36FD2DEF /* [CP] Check Pods Manifest.lock */ = {
			isa = PBXShellScriptBuildPhase;
			buildActionMask = 2147483647;
			files = (
			);
			inputPaths = (
			);
			name = "[CP] Check Pods Manifest.lock";
			outputPaths = (
			);
			runOnlyForDeploymentPostprocessing = 0;
			shellPath = /bin/sh;
			shellScript = "diff \"${PODS_ROOT}/../Podfile.lock\" \"${PODS_ROOT}/Manifest.lock\" > /dev/null\nif [[ $? != 0 ]] ; then\n    cat << EOM\nerror: The sandbox is not in sync with the Podfile.lock. Run 'pod install' or update your CocoaPods installation.\nEOM\n    exit 1\nfi\n";
			showEnvVarsInLog = 0;
		};
		7A13C271A793F892A8842C7C /* [CP] Embed Pods Frameworks */ = {
			isa = PBXShellScriptBuildPhase;
			buildActionMask = 2147483647;
			files = (
			);
			inputPaths = (
			);
			name = "[CP] Embed Pods Frameworks";
			outputPaths = (
			);
			runOnlyForDeploymentPostprocessing = 0;
			shellPath = /bin/sh;
			shellScript = "\"${SRCROOT}/Pods/Target Support Files/Pods-BoardGameForest/Pods-BoardGameForest-frameworks.sh\"\n";
			showEnvVarsInLog = 0;
		};
		7BD8125A2E3A24C6BB61D580 /* [CP] Copy Pods Resources */ = {
			isa = PBXShellScriptBuildPhase;
			buildActionMask = 2147483647;
			files = (
			);
			inputPaths = (
			);
			name = "[CP] Copy Pods Resources";
			outputPaths = (
			);
			runOnlyForDeploymentPostprocessing = 0;
			shellPath = /bin/sh;
			shellScript = "\"${SRCROOT}/Pods/Target Support Files/Pods-BoardGameForest/Pods-BoardGameForest-resources.sh\"\n";
			showEnvVarsInLog = 0;
		};
/* End PBXShellScriptBuildPhase section */

/* Begin PBXSourcesBuildPhase section */
		B6074D771EE389800082DD8A /* Sources */ = {
			isa = PBXSourcesBuildPhase;
			buildActionMask = 2147483647;
			files = (
				B66D5B9E1EF5B3930086707A /* OrderTableNumberController.swift in Sources */,
				B6DD2C9E1F56A79A00EFA322 /* Order.swift in Sources */,
				B6EB17FE1FC7FAF10055E167 /* MealList.swift in Sources */,
				B66D5B921EF59F2A0086707A /* OrderMenuViewController.swift in Sources */,
				B6E0DC391F59301B00944F96 /* OrderHistoryController.swift in Sources */,
				B66D5BAE1EF5DF100086707A /* TablesData.swift in Sources */,
				B63F4CAF1EF6D4BB00758F5F /* OrderTableNumbeSectionView.swift in Sources */,
				B63F4CB11EF6D4BB00758F5F /* TimeFormate.swift in Sources */,
				B6E0DC371F592A4B00944F96 /* OrderList.swift in Sources */,
				B6D02F071F58119E0097AAE4 /* DefineText.swift in Sources */,
				B6074D7F1EE389810082DD8A /* AppDelegate.swift in Sources */,
				B617D0A91EE458360047F52A /* MenuParser.swift in Sources */,
				B66D5BA81EF5D7980086707A /* Table.swift in Sources */,
				B659C9C41EE6884E008A425E /* TabBarController.swift in Sources */,
				B66D5BAA1EF5D9110086707A /* Floor.swift in Sources */,
				B617D0B11EE4C0AA0047F52A /* DatabaseAPI.swift in Sources */,
				B66D5B9D1EF5B3930086707A /* OrderTableNumberCollectionViewCell.swift in Sources */,
				B6DD2CA21F56A8BE00EFA322 /* MealStatus.swift in Sources */,
				B66D5B951EF59F2A0086707A /* SettingController.swift in Sources */,
				B6074D871EE389810082DD8A /* BoardGameForest.xcdatamodeld in Sources */,
				B658E3271F595DA2008CECD2 /* OrderMenuTableViewCell.swift in Sources */,
			);
			runOnlyForDeploymentPostprocessing = 0;
		};
/* End PBXSourcesBuildPhase section */

/* Begin PBXVariantGroup section */
		B6074D821EE389810082DD8A /* Main.storyboard */ = {
			isa = PBXVariantGroup;
			children = (
				B6074D831EE389810082DD8A /* Base */,
			);
			name = Main.storyboard;
			sourceTree = "<group>";
		};
		B6074D8A1EE389810082DD8A /* LaunchScreen.storyboard */ = {
			isa = PBXVariantGroup;
			children = (
				B6074D8B1EE389810082DD8A /* Base */,
			);
			name = LaunchScreen.storyboard;
			sourceTree = "<group>";
		};
/* End PBXVariantGroup section */

/* Begin XCBuildConfiguration section */
		B6074D8E1EE389810082DD8A /* Debug */ = {
			isa = XCBuildConfiguration;
			buildSettings = {
				ALWAYS_SEARCH_USER_PATHS = NO;
				CLANG_ANALYZER_NONNULL = YES;
				CLANG_CXX_LANGUAGE_STANDARD = "gnu++0x";
				CLANG_CXX_LIBRARY = "libc++";
				CLANG_ENABLE_MODULES = YES;
				CLANG_ENABLE_OBJC_ARC = YES;
				CLANG_WARN_BOOL_CONVERSION = YES;
				CLANG_WARN_CONSTANT_CONVERSION = YES;
				CLANG_WARN_DIRECT_OBJC_ISA_USAGE = YES_ERROR;
				CLANG_WARN_DOCUMENTATION_COMMENTS = YES;
				CLANG_WARN_EMPTY_BODY = YES;
				CLANG_WARN_ENUM_CONVERSION = YES;
				CLANG_WARN_INFINITE_RECURSION = YES;
				CLANG_WARN_INT_CONVERSION = YES;
				CLANG_WARN_OBJC_ROOT_CLASS = YES_ERROR;
				CLANG_WARN_SUSPICIOUS_MOVE = YES;
				CLANG_WARN_UNREACHABLE_CODE = YES;
				CLANG_WARN__DUPLICATE_METHOD_MATCH = YES;
				"CODE_SIGN_IDENTITY[sdk=iphoneos*]" = "iPhone Developer";
				COPY_PHASE_STRIP = NO;
				DEBUG_INFORMATION_FORMAT = dwarf;
				ENABLE_STRICT_OBJC_MSGSEND = YES;
				ENABLE_TESTABILITY = YES;
				GCC_C_LANGUAGE_STANDARD = gnu99;
				GCC_DYNAMIC_NO_PIC = NO;
				GCC_NO_COMMON_BLOCKS = YES;
				GCC_OPTIMIZATION_LEVEL = 0;
				GCC_PREPROCESSOR_DEFINITIONS = (
					"DEBUG=1",
					"$(inherited)",
				);
				GCC_WARN_64_TO_32_BIT_CONVERSION = YES;
				GCC_WARN_ABOUT_RETURN_TYPE = YES_ERROR;
				GCC_WARN_UNDECLARED_SELECTOR = YES;
				GCC_WARN_UNINITIALIZED_AUTOS = YES_AGGRESSIVE;
				GCC_WARN_UNUSED_FUNCTION = YES;
				GCC_WARN_UNUSED_VARIABLE = YES;
				IPHONEOS_DEPLOYMENT_TARGET = 10.2;
				MTL_ENABLE_DEBUG_INFO = YES;
				ONLY_ACTIVE_ARCH = YES;
				SDKROOT = iphoneos;
				SWIFT_ACTIVE_COMPILATION_CONDITIONS = DEBUG;
				SWIFT_OPTIMIZATION_LEVEL = "-Onone";
				TARGETED_DEVICE_FAMILY = "1,2";
			};
			name = Debug;
		};
		B6074D8F1EE389810082DD8A /* Release */ = {
			isa = XCBuildConfiguration;
			buildSettings = {
				ALWAYS_SEARCH_USER_PATHS = NO;
				CLANG_ANALYZER_NONNULL = YES;
				CLANG_CXX_LANGUAGE_STANDARD = "gnu++0x";
				CLANG_CXX_LIBRARY = "libc++";
				CLANG_ENABLE_MODULES = YES;
				CLANG_ENABLE_OBJC_ARC = YES;
				CLANG_WARN_BOOL_CONVERSION = YES;
				CLANG_WARN_CONSTANT_CONVERSION = YES;
				CLANG_WARN_DIRECT_OBJC_ISA_USAGE = YES_ERROR;
				CLANG_WARN_DOCUMENTATION_COMMENTS = YES;
				CLANG_WARN_EMPTY_BODY = YES;
				CLANG_WARN_ENUM_CONVERSION = YES;
				CLANG_WARN_INFINITE_RECURSION = YES;
				CLANG_WARN_INT_CONVERSION = YES;
				CLANG_WARN_OBJC_ROOT_CLASS = YES_ERROR;
				CLANG_WARN_SUSPICIOUS_MOVE = YES;
				CLANG_WARN_UNREACHABLE_CODE = YES;
				CLANG_WARN__DUPLICATE_METHOD_MATCH = YES;
				"CODE_SIGN_IDENTITY[sdk=iphoneos*]" = "iPhone Developer";
				COPY_PHASE_STRIP = NO;
				DEBUG_INFORMATION_FORMAT = "dwarf-with-dsym";
				ENABLE_NS_ASSERTIONS = NO;
				ENABLE_STRICT_OBJC_MSGSEND = YES;
				GCC_C_LANGUAGE_STANDARD = gnu99;
				GCC_NO_COMMON_BLOCKS = YES;
				GCC_WARN_64_TO_32_BIT_CONVERSION = YES;
				GCC_WARN_ABOUT_RETURN_TYPE = YES_ERROR;
				GCC_WARN_UNDECLARED_SELECTOR = YES;
				GCC_WARN_UNINITIALIZED_AUTOS = YES_AGGRESSIVE;
				GCC_WARN_UNUSED_FUNCTION = YES;
				GCC_WARN_UNUSED_VARIABLE = YES;
				IPHONEOS_DEPLOYMENT_TARGET = 10.2;
				MTL_ENABLE_DEBUG_INFO = NO;
				SDKROOT = iphoneos;
				SWIFT_OPTIMIZATION_LEVEL = "-Owholemodule";
				TARGETED_DEVICE_FAMILY = "1,2";
				VALIDATE_PRODUCT = YES;
			};
			name = Release;
		};
		B6074D911EE389810082DD8A /* Debug */ = {
			isa = XCBuildConfiguration;
			baseConfigurationReference = A0607A1A76666B8E1527578E /* Pods-BoardGameForest.debug.xcconfig */;
			buildSettings = {
				ASSETCATALOG_COMPILER_APPICON_NAME = AppIcon;
				"CODE_SIGN_IDENTITY[sdk=iphoneos*]" = "iPhone Developer";
				DEVELOPMENT_TEAM = L8HLZFC48L;
				INFOPLIST_FILE = BoardGameForest/Info.plist;
				LD_RUNPATH_SEARCH_PATHS = "$(inherited) @executable_path/Frameworks";
				PRODUCT_BUNDLE_IDENTIFIER = Finn.BoardGameForest;
				PRODUCT_NAME = "$(TARGET_NAME)";
				SWIFT_VERSION = 3.0;
			};
			name = Debug;
		};
		B6074D921EE389810082DD8A /* Release */ = {
			isa = XCBuildConfiguration;
			baseConfigurationReference = 88C1CAD3CA5D5CA70480CA96 /* Pods-BoardGameForest.release.xcconfig */;
			buildSettings = {
				ASSETCATALOG_COMPILER_APPICON_NAME = AppIcon;
				"CODE_SIGN_IDENTITY[sdk=iphoneos*]" = "iPhone Developer";
				DEVELOPMENT_TEAM = L8HLZFC48L;
				INFOPLIST_FILE = BoardGameForest/Info.plist;
				LD_RUNPATH_SEARCH_PATHS = "$(inherited) @executable_path/Frameworks";
				PRODUCT_BUNDLE_IDENTIFIER = Finn.BoardGameForest;
				PRODUCT_NAME = "$(TARGET_NAME)";
				SWIFT_VERSION = 3.0;
			};
			name = Release;
		};
/* End XCBuildConfiguration section */

/* Begin XCConfigurationList section */
		B6074D761EE389800082DD8A /* Build configuration list for PBXProject "BoardGameForest" */ = {
			isa = XCConfigurationList;
			buildConfigurations = (
				B6074D8E1EE389810082DD8A /* Debug */,
				B6074D8F1EE389810082DD8A /* Release */,
			);
			defaultConfigurationIsVisible = 0;
			defaultConfigurationName = Release;
		};
		B6074D901EE389810082DD8A /* Build configuration list for PBXNativeTarget "BoardGameForest" */ = {
			isa = XCConfigurationList;
			buildConfigurations = (
				B6074D911EE389810082DD8A /* Debug */,
				B6074D921EE389810082DD8A /* Release */,
			);
			defaultConfigurationIsVisible = 0;
			defaultConfigurationName = Release;
		};
/* End XCConfigurationList section */

/* Begin XCVersionGroup section */
		B6074D851EE389810082DD8A /* BoardGameForest.xcdatamodeld */ = {
			isa = XCVersionGroup;
			children = (
				B6074D861EE389810082DD8A /* BoardGameForest.xcdatamodel */,
			);
			currentVersion = B6074D861EE389810082DD8A /* BoardGameForest.xcdatamodel */;
			path = BoardGameForest.xcdatamodeld;
			sourceTree = "<group>";
			versionGroupType = wrapper.xcdatamodel;
		};
/* End XCVersionGroup section */
	};
	rootObject = B6074D731EE389800082DD8A /* Project object */;
}
